
Microsoft Visual Studio Solution File, Format Version 12.00
# Visual Studio 15
VisualStudioVersion = 15.0.28307.102
MinimumVisualStudioVersion = 10.0.40219.1
Project("{FAE04EC0-301F-11D3-BF4B-00C04F79EFBC}") = "WebAPIAngular", "WebAPIAngular\WebAPIAngular.csproj", "{99CB717A-0CBC-4527-A6AE-C1DE1523BA88}"
EndProject
Global
	GlobalSection(SolutionConfigurationPlatforms) = preSolution
		Debug|Any CPU = Debug|Any CPU
		Release|Any CPU = Release|Any CPU
	EndGlobalSection
	GlobalSection(ProjectConfigurationPlatforms) = postSolution
		{99CB717A-0CBC-4527-A6AE-C1DE1523BA88}.Debug|Any CPU.ActiveCfg = Debug|Any CPU
		{99CB717A-0CBC-4527-A6AE-C1DE1523BA88}.Debug|Any CPU.Build.0 = Debug|Any CPU
		{99CB717A-0CBC-4527-A6AE-C1DE1523BA88}.Release|Any CPU.ActiveCfg = Release|Any CPU
		{99CB717A-0CBC-4527-A6AE-C1DE1523BA88}.Release|Any CPU.Build.0 = Release|Any CPU
	EndGlobalSection
	GlobalSection(SolutionProperties) = preSolution
		HideSolutionNode = FALSE
	EndGlobalSection
	GlobalSection(ExtensibilityGlobals) = postSolution
		SolutionGuid = {039A1592-E4A7-4AE1-9ECA-CB153BB64A96}
	EndGlobalSection
EndGlobal
